// !$*UTF8*$!
{
	archiveVersion = 1;
	classes = {
	};
	objectVersion = 46;
	objects = {

/* Begin PBXBuildFile section */
		4ECA8FC71A8C6F39009E4F7E /* AppDelegate.swift in Sources */ = {isa = PBXBuildFile; fileRef = 4ECA8FC61A8C6F39009E4F7E /* AppDelegate.swift */; };
		4ECA8FC91A8C6F39009E4F7E /* ViewController.swift in Sources */ = {isa = PBXBuildFile; fileRef = 4ECA8FC81A8C6F39009E4F7E /* ViewController.swift */; };
		4ECA8FCC1A8C6F39009E4F7E /* Main.storyboard in Resources */ = {isa = PBXBuildFile; fileRef = 4ECA8FCA1A8C6F39009E4F7E /* Main.storyboard */; };
		4ECA8FCE1A8C6F39009E4F7E /* Images.xcassets in Resources */ = {isa = PBXBuildFile; fileRef = 4ECA8FCD1A8C6F39009E4F7E /* Images.xcassets */; };
		4ECA8FD11A8C6F39009E4F7E /* LaunchScreen.xib in Resources */ = {isa = PBXBuildFile; fileRef = 4ECA8FCF1A8C6F39009E4F7E /* LaunchScreen.xib */; };
		4ECA8FDD1A8C6F39009E4F7E /* JSONParserTests.swift in Sources */ = {isa = PBXBuildFile; fileRef = 4ECA8FDC1A8C6F39009E4F7E /* JSONParserTests.swift */; };
		4ECA8FE71A8C6F46009E4F7E /* JSONParser.swift in Sources */ = {isa = PBXBuildFile; fileRef = 4ECA8FE61A8C6F46009E4F7E /* JSONParser.swift */; };
		4ECA8FE81A8C738B009E4F7E /* JSONParser.swift in Sources */ = {isa = PBXBuildFile; fileRef = 4ECA8FE61A8C6F46009E4F7E /* JSONParser.swift */; };
		4ECA8FEA1A8C7DCC009E4F7E /* jsonDict.json in Resources */ = {isa = PBXBuildFile; fileRef = 4ECA8FE91A8C7DCC009E4F7E /* jsonDict.json */; };
		4ECA8FEC1A8C7DD7009E4F7E /* jsonArr.json in Resources */ = {isa = PBXBuildFile; fileRef = 4ECA8FEB1A8C7DD7009E4F7E /* jsonArr.json */; };
		4ECA8FEE1A8C7DE3009E4F7E /* jsonMix.json in Resources */ = {isa = PBXBuildFile; fileRef = 4ECA8FED1A8C7DE3009E4F7E /* jsonMix.json */; };
		4ECA8FEF1A8C7F2C009E4F7E /* jsonDict.json in Resources */ = {isa = PBXBuildFile; fileRef = 4ECA8FE91A8C7DCC009E4F7E /* jsonDict.json */; };
		4ECA8FF01A8C7F2E009E4F7E /* jsonArr.json in Resources */ = {isa = PBXBuildFile; fileRef = 4ECA8FEB1A8C7DD7009E4F7E /* jsonArr.json */; };
		4ECA8FF11A8C7F30009E4F7E /* jsonMix.json in Resources */ = {isa = PBXBuildFile; fileRef = 4ECA8FED1A8C7DE3009E4F7E /* jsonMix.json */; };
/* End PBXBuildFile section */

/* Begin PBXContainerItemProxy section */
		4ECA8FD71A8C6F39009E4F7E /* PBXContainerItemProxy */ = {
			isa = PBXContainerItemProxy;
			containerPortal = 4ECA8FB91A8C6F39009E4F7E /* Project object */;
			proxyType = 1;
			remoteGlobalIDString = 4ECA8FC01A8C6F39009E4F7E;
			remoteInfo = JSONParser;
		};
/* End PBXContainerItemProxy section */

/* Begin PBXFileReference section */
		4ECA8FC11A8C6F39009E4F7E /* JSONParser.app */ = {isa = PBXFileReference; explicitFileType = wrapper.application; includeInIndex = 0; path = JSONParser.app; sourceTree = BUILT_PRODUCTS_DIR; };
		4ECA8FC51A8C6F39009E4F7E /* Info.plist */ = {isa = PBXFileReference; lastKnownFileType = text.plist.xml; path = Info.plist; sourceTree = "<group>"; };
		4ECA8FC61A8C6F39009E4F7E /* AppDelegate.swift */ = {isa = PBXFileReference; lastKnownFileType = sourcecode.swift; path = AppDelegate.swift; sourceTree = "<group>"; };
		4ECA8FC81A8C6F39009E4F7E /* ViewController.swift */ = {isa = PBXFileReference; lastKnownFileType = sourcecode.swift; path = ViewController.swift; sourceTree = "<group>"; };
		4ECA8FCB1A8C6F39009E4F7E /* Base */ = {isa = PBXFileReference; lastKnownFileType = file.storyboard; name = Base; path = Base.lproj/Main.storyboard; sourceTree = "<group>"; };
		4ECA8FCD1A8C6F39009E4F7E /* Images.xcassets */ = {isa = PBXFileReference; lastKnownFileType = folder.assetcatalog; path = Images.xcassets; sourceTree = "<group>"; };
		4ECA8FD01A8C6F39009E4F7E /* Base */ = {isa = PBXFileReference; lastKnownFileType = file.xib; name = Base; path = Base.lproj/LaunchScreen.xib; sourceTree = "<group>"; };
		4ECA8FD61A8C6F39009E4F7E /* JSONParserTests.xctest */ = {isa = PBXFileReference; explicitFileType = wrapper.cfbundle; includeInIndex = 0; path = JSONParserTests.xctest; sourceTree = BUILT_PRODUCTS_DIR; };
		4ECA8FDB1A8C6F39009E4F7E /* Info.plist */ = {isa = PBXFileReference; lastKnownFileType = text.plist.xml; path = Info.plist; sourceTree = "<group>"; };
		4ECA8FDC1A8C6F39009E4F7E /* JSONParserTests.swift */ = {isa = PBXFileReference; lastKnownFileType = sourcecode.swift; path = JSONParserTests.swift; sourceTree = "<group>"; };
		4ECA8FE61A8C6F46009E4F7E /* JSONParser.swift */ = {isa = PBXFileReference; fileEncoding = 4; lastKnownFileType = sourcecode.swift; path = JSONParser.swift; sourceTree = "<group>"; };
		4ECA8FE91A8C7DCC009E4F7E /* jsonDict.json */ = {isa = PBXFileReference; fileEncoding = 4; lastKnownFileType = text.json; path = jsonDict.json; sourceTree = "<group>"; };
		4ECA8FEB1A8C7DD7009E4F7E /* jsonArr.json */ = {isa = PBXFileReference; fileEncoding = 4; lastKnownFileType = text.json; path = jsonArr.json; sourceTree = "<group>"; };
		4ECA8FED1A8C7DE3009E4F7E /* jsonMix.json */ = {isa = PBXFileReference; fileEncoding = 4; lastKnownFileType = text.json; path = jsonMix.json; sourceTree = "<group>"; };
/* End PBXFileReference section */

/* Begin PBXFrameworksBuildPhase section */
		4ECA8FBE1A8C6F39009E4F7E /* Frameworks */ = {
			isa = PBXFrameworksBuildPhase;
			buildActionMask = 2147483647;
			files = (
			);
			runOnlyForDeploymentPostprocessing = 0;
		};
		4ECA8FD31A8C6F39009E4F7E /* Frameworks */ = {
			isa = PBXFrameworksBuildPhase;
			buildActionMask = 2147483647;
			files = (
			);
			runOnlyForDeploymentPostprocessing = 0;
		};
/* End PBXFrameworksBuildPhase section */

/* Begin PBXGroup section */
		4ECA8FB81A8C6F39009E4F7E = {
			isa = PBXGroup;
			children = (
				4ECA8FC31A8C6F39009E4F7E /* JSONParser */,
				4ECA8FD91A8C6F39009E4F7E /* JSONParserTests */,
				4ECA8FC21A8C6F39009E4F7E /* Products */,
			);
			sourceTree = "<group>";
		};
		4ECA8FC21A8C6F39009E4F7E /* Products */ = {
			isa = PBXGroup;
			children = (
				4ECA8FC11A8C6F39009E4F7E /* JSONParser.app */,
				4ECA8FD61A8C6F39009E4F7E /* JSONParserTests.xctest */,
			);
			name = Products;
			sourceTree = "<group>";
		};
		4ECA8FC31A8C6F39009E4F7E /* JSONParser */ = {
			isa = PBXGroup;
			children = (
				4ECA8FC61A8C6F39009E4F7E /* AppDelegate.swift */,
				4ECA8FC81A8C6F39009E4F7E /* ViewController.swift */,
				4ECA8FE61A8C6F46009E4F7E /* JSONParser.swift */,
				4ECA8FCA1A8C6F39009E4F7E /* Main.storyboard */,
				4ECA8FCD1A8C6F39009E4F7E /* Images.xcassets */,
				4ECA8FCF1A8C6F39009E4F7E /* LaunchScreen.xib */,
				4ECA8FC41A8C6F39009E4F7E /* Supporting Files */,
			);
			path = JSONParser;
			sourceTree = "<group>";
		};
		4ECA8FC41A8C6F39009E4F7E /* Supporting Files */ = {
			isa = PBXGroup;
			children = (
				4ECA8FC51A8C6F39009E4F7E /* Info.plist */,
			);
			name = "Supporting Files";
			sourceTree = "<group>";
		};
		4ECA8FD91A8C6F39009E4F7E /* JSONParserTests */ = {
			isa = PBXGroup;
			children = (
				4ECA8FDC1A8C6F39009E4F7E /* JSONParserTests.swift */,
				4ECA8FDA1A8C6F39009E4F7E /* Supporting Files */,
				4ECA8FE91A8C7DCC009E4F7E /* jsonDict.json */,
				4ECA8FEB1A8C7DD7009E4F7E /* jsonArr.json */,
				4ECA8FED1A8C7DE3009E4F7E /* jsonMix.json */,
			);
			path = JSONParserTests;
			sourceTree = "<group>";
		};
		4ECA8FDA1A8C6F39009E4F7E /* Supporting Files */ = {
			isa = PBXGroup;
			children = (
				4ECA8FDB1A8C6F39009E4F7E /* Info.plist */,
			);
			name = "Supporting Files";
			sourceTree = "<group>";
		};
/* End PBXGroup section */

/* Begin PBXNativeTarget section */
		4ECA8FC01A8C6F39009E4F7E /* JSONParser */ = {
			isa = PBXNativeTarget;
			buildConfigurationList = 4ECA8FE01A8C6F39009E4F7E /* Build configuration list for PBXNativeTarget "JSONParser" */;
			buildPhases = (
				4ECA8FBD1A8C6F39009E4F7E /* Sources */,
				4ECA8FBE1A8C6F39009E4F7E /* Frameworks */,
				4ECA8FBF1A8C6F39009E4F7E /* Resources */,
			);
			buildRules = (
			);
			dependencies = (
			);
			name = JSONParser;
			productName = JSONParser;
			productReference = 4ECA8FC11A8C6F39009E4F7E /* JSONParser.app */;
			productType = "com.apple.product-type.application";
		};
		4ECA8FD51A8C6F39009E4F7E /* JSONParserTests */ = {
			isa = PBXNativeTarget;
			buildConfigurationList = 4ECA8FE31A8C6F39009E4F7E /* Build configuration list for PBXNativeTarget "JSONParserTests" */;
			buildPhases = (
				4ECA8FD21A8C6F39009E4F7E /* Sources */,
				4ECA8FD31A8C6F39009E4F7E /* Frameworks */,
				4ECA8FD41A8C6F39009E4F7E /* Resources */,
			);
			buildRules = (
			);
			dependencies = (
				4ECA8FD81A8C6F39009E4F7E /* PBXTargetDependency */,
			);
			name = JSONParserTests;
			productName = JSONParserTests;
			productReference = 4ECA8FD61A8C6F39009E4F7E /* JSONParserTests.xctest */;
			productType = "com.apple.product-type.bundle.unit-test";
		};
/* End PBXNativeTarget section */

/* Begin PBXProject section */
		4ECA8FB91A8C6F39009E4F7E /* Project object */ = {
			isa = PBXProject;
			attributes = {
				LastUpgradeCheck = 0610;
				ORGANIZATIONNAME = "Spark Plug Studio";
				TargetAttributes = {
					4ECA8FC01A8C6F39009E4F7E = {
						CreatedOnToolsVersion = 6.1.1;
					};
					4ECA8FD51A8C6F39009E4F7E = {
						CreatedOnToolsVersion = 6.1.1;
						TestTargetID = 4ECA8FC01A8C6F39009E4F7E;
					};
				};
			};
			buildConfigurationList = 4ECA8FBC1A8C6F39009E4F7E /* Build configuration list for PBXProject "JSONParser" */;
			compatibilityVersion = "Xcode 3.2";
			developmentRegion = English;
			hasScannedForEncodings = 0;
			knownRegions = (
				en,
				Base,
			);
			mainGroup = 4ECA8FB81A8C6F39009E4F7E;
			productRefGroup = 4ECA8FC21A8C6F39009E4F7E /* Products */;
			projectDirPath = "";
			projectRoot = "";
			targets = (
				4ECA8FC01A8C6F39009E4F7E /* JSONParser */,
				4ECA8FD51A8C6F39009E4F7E /* JSONParserTests */,
			);
		};
/* End PBXProject section */

/* Begin PBXResourcesBuildPhase section */
		4ECA8FBF1A8C6F39009E4F7E /* Resources */ = {
			isa = PBXResourcesBuildPhase;
			buildActionMask = 2147483647;
			files = (
				4ECA8FF11A8C7F30009E4F7E /* jsonMix.json in Resources */,
				4ECA8FCC1A8C6F39009E4F7E /* Main.storyboard in Resources */,
				4ECA8FF01A8C7F2E009E4F7E /* jsonArr.json in Resources */,
				4ECA8FD11A8C6F39009E4F7E /* LaunchScreen.xib in Resources */,
				4ECA8FCE1A8C6F39009E4F7E /* Images.xcassets in Resources */,
				4ECA8FEF1A8C7F2C009E4F7E /* jsonDict.json in Resources */,
			);
			runOnlyForDeploymentPostprocessing = 0;
		};
		4ECA8FD41A8C6F39009E4F7E /* Resources */ = {
			isa = PBXResourcesBuildPhase;
			buildActionMask = 2147483647;
			files = (
				4ECA8FEE1A8C7DE3009E4F7E /* jsonMix.json in Resources */,
				4ECA8FEA1A8C7DCC009E4F7E /* jsonDict.json in Resources */,
				4ECA8FEC1A8C7DD7009E4F7E /* jsonArr.json in Resources */,
			);
			runOnlyForDeploymentPostprocessing = 0;
		};
/* End PBXResourcesBuildPhase section */

/* Begin PBXSourcesBuildPhase section */
		4ECA8FBD1A8C6F39009E4F7E /* Sources */ = {
			isa = PBXSourcesBuildPhase;
			buildActionMask = 2147483647;
			files = (
				4ECA8FC91A8C6F39009E4F7E /* ViewController.swift in Sources */,
				4ECA8FC71A8C6F39009E4F7E /* AppDelegate.swift in Sources */,
				4ECA8FE71A8C6F46009E4F7E /* JSONParser.swift in Sources */,
			);
			runOnlyForDeploymentPostprocessing = 0;
		};
		4ECA8FD21A8C6F39009E4F7E /* Sources */ = {
			isa = PBXSourcesBuildPhase;
			buildActionMask = 2147483647;
			files = (
				4ECA8FE81A8C738B009E4F7E /* JSONParser.swift in Sources */,
				4ECA8FDD1A8C6F39009E4F7E /* JSONParserTests.swift in Sources */,
			);
			runOnlyForDeploymentPostprocessing = 0;
		};
/* End PBXSourcesBuildPhase section */

/* Begin PBXTargetDependency section */
		4ECA8FD81A8C6F39009E4F7E /* PBXTargetDependency */ = {
			isa = PBXTargetDependency;
			target = 4ECA8FC01A8C6F39009E4F7E /* JSONParser */;
			targetProxy = 4ECA8FD71A8C6F39009E4F7E /* PBXContainerItemProxy */;
		};
/* End PBXTargetDependency section */

/* Begin PBXVariantGroup section */
		4ECA8FCA1A8C6F39009E4F7E /* Main.storyboard */ = {
			isa = PBXVariantGroup;
			children = (
				4ECA8FCB1A8C6F39009E4F7E /* Base */,
			);
			name = Main.storyboard;
			sourceTree = "<group>";
		};
		4ECA8FCF1A8C6F39009E4F7E /* LaunchScreen.xib */ = {
			isa = PBXVariantGroup;
			children = (
				4ECA8FD01A8C6F39009E4F7E /* Base */,
			);
			name = LaunchScreen.xib;
			sourceTree = "<group>";
		};
/* End PBXVariantGroup section */

/* Begin XCBuildConfiguration section */
		4ECA8FDE1A8C6F39009E4F7E /* Debug */ = {
			isa = XCBuildConfiguration;
			buildSettings = {
				ALWAYS_SEARCH_USER_PATHS = NO;
				CLANG_CXX_LANGUAGE_STANDARD = "gnu++0x";
				CLANG_CXX_LIBRARY = "libc++";
				CLANG_ENABLE_MODULES = YES;
				CLANG_ENABLE_OBJC_ARC = YES;
				CLANG_WARN_BOOL_CONVERSION = YES;
				CLANG_WARN_CONSTANT_CONVERSION = YES;
				CLANG_WARN_DIRECT_OBJC_ISA_USAGE = YES_ERROR;
				CLANG_WARN_EMPTY_BODY = YES;
				CLANG_WARN_ENUM_CONVERSION = YES;
				CLANG_WARN_INT_CONVERSION = YES;
				CLANG_WARN_OBJC_ROOT_CLASS = YES_ERROR;
				CLANG_WARN_UNREACHABLE_CODE = YES;
				CLANG_WARN__DUPLICATE_METHOD_MATCH = YES;
				"CODE_SIGN_IDENTITY[sdk=iphoneos*]" = "iPhone Developer";
				COPY_PHASE_STRIP = NO;
				ENABLE_STRICT_OBJC_MSGSEND = YES;
				GCC_C_LANGUAGE_STANDARD = gnu99;
				GCC_DYNAMIC_NO_PIC = NO;
				GCC_OPTIMIZATION_LEVEL = 0;
				GCC_PREPROCESSOR_DEFINITIONS = (
					"DEBUG=1",
					"$(inherited)",
				);
				GCC_SYMBOLS_PRIVATE_EXTERN = NO;
				GCC_WARN_64_TO_32_BIT_CONVERSION = YES;
				GCC_WARN_ABOUT_RETURN_TYPE = YES_ERROR;
				GCC_WARN_UNDECLARED_SELECTOR = YES;
				GCC_WARN_UNINITIALIZED_AUTOS = YES_AGGRESSIVE;
				GCC_WARN_UNUSED_FUNCTION = YES;
				GCC_WARN_UNUSED_VARIABLE = YES;
				IPHONEOS_DEPLOYMENT_TARGET = 7.0;
				MTL_ENABLE_DEBUG_INFO = YES;
				ONLY_ACTIVE_ARCH = YES;
				SDKROOT = iphoneos;
				SWIFT_OPTIMIZATION_LEVEL = "-Onone";
			};
			name = Debug;
		};
		4ECA8FDF1A8C6F39009E4F7E /* Release */ = {
			isa = XCBuildConfiguration;
			buildSettings = {
				ALWAYS_SEARCH_USER_PATHS = NO;
				CLANG_CXX_LANGUAGE_STANDARD = "gnu++0x";
				CLANG_CXX_LIBRARY = "libc++";
				CLANG_ENABLE_MODULES = YES;
				CLANG_ENABLE_OBJC_ARC = YES;
				CLANG_WARN_BOOL_CONVERSION = YES;
				CLANG_WARN_CONSTANT_CONVERSION = YES;
				CLANG_WARN_DIRECT_OBJC_ISA_USAGE = YES_ERROR;
				CLANG_WARN_EMPTY_BODY = YES;
				CLANG_WARN_ENUM_CONVERSION = YES;
				CLANG_WARN_INT_CONVERSION = YES;
				CLANG_WARN_OBJC_ROOT_CLASS = YES_ERROR;
				CLANG_WARN_UNREACHABLE_CODE = YES;
				CLANG_WARN__DUPLICATE_METHOD_MATCH = YES;
				"CODE_SIGN_IDENTITY[sdk=iphoneos*]" = "iPhone Developer";
				COPY_PHASE_STRIP = YES;
				ENABLE_NS_ASSERTIONS = NO;
				ENABLE_STRICT_OBJC_MSGSEND = YES;
				GCC_C_LANGUAGE_STANDARD = gnu99;
				GCC_WARN_64_TO_32_BIT_CONVERSION = YES;
				GCC_WARN_ABOUT_RETURN_TYPE = YES_ERROR;
				GCC_WARN_UNDECLARED_SELECTOR = YES;
				GCC_WARN_UNINITIALIZED_AUTOS = YES_AGGRESSIVE;
				GCC_WARN_UNUSED_FUNCTION = YES;
				GCC_WARN_UNUSED_VARIABLE = YES;
				IPHONEOS_DEPLOYMENT_TARGET = 7.0;
				MTL_ENABLE_DEBUG_INFO = NO;
				SDKROOT = iphoneos;
				VALIDATE_PRODUCT = YES;
			};
			name = Release;
		};
		4ECA8FE11A8C6F39009E4F7E /* Debug */ = {
			isa = XCBuildConfiguration;
			buildSettings = {
				ASSETCATALOG_COMPILER_APPICON_NAME = AppIcon;
				INFOPLIST_FILE = JSONParser/Info.plist;
				LD_RUNPATH_SEARCH_PATHS = "$(inherited) @executable_path/Frameworks";
				PRODUCT_NAME = "$(TARGET_NAME)";
			};
			name = Debug;
		};
		4ECA8FE21A8C6F39009E4F7E /* Release */ = {
			isa = XCBuildConfiguration;
			buildSettings = {
				ASSETCATALOG_COMPILER_APPICON_NAME = AppIcon;
				INFOPLIST_FILE = JSONParser/Info.plist;
				LD_RUNPATH_SEARCH_PATHS = "$(inherited) @executable_path/Frameworks";
				PRODUCT_NAME = "$(TARGET_NAME)";
			};
			name = Release;
		};
		4ECA8FE41A8C6F39009E4F7E /* Debug */ = {
			isa = XCBuildConfiguration;
			buildSettings = {
				BUNDLE_LOADER = "$(TEST_HOST)";
				FRAMEWORK_SEARCH_PATHS = (
					"$(SDKROOT)/Developer/Library/Frameworks",
					"$(inherited)",
				);
				GCC_PREPROCESSOR_DEFINITIONS = (
					"DEBUG=1",
					"$(inherited)",
				);
				INFOPLIST_FILE = JSONParserTests/Info.plist;
				LD_RUNPATH_SEARCH_PATHS = "$(inherited) @executable_path/Frameworks @loader_path/Frameworks";
				PRODUCT_NAME = "$(TARGET_NAME)";
				TEST_HOST = "$(BUILT_PRODUCTS_DIR)/JSONParser.app/JSONParser";
			};
			name = Debug;
		};
		4ECA8FE51A8C6F39009E4F7E /* Release */ = {
			isa = XCBuildConfiguration;
			buildSettings = {
				BUNDLE_LOADER = "$(TEST_HOST)";
				FRAMEWORK_SEARCH_PATHS = (
					"$(SDKROOT)/Developer/Library/Frameworks",
					"$(inherited)",
				);
				INFOPLIST_FILE = JSONParserTests/Info.plist;
				LD_RUNPATH_SEARCH_PATHS = "$(inherited) @executable_path/Frameworks @loader_path/Frameworks";
				PRODUCT_NAME = "$(TARGET_NAME)";
				TEST_HOST = "$(BUILT_PRODUCTS_DIR)/JSONParser.app/JSONParser";
			};
			name = Release;
		};
/* End XCBuildConfiguration section */

/* Begin XCConfigurationList section */
		4ECA8FBC1A8C6F39009E4F7E /* Build configuration list for PBXProject "JSONParser" */ = {
			isa = XCConfigurationList;
			buildConfigurations = (
				4ECA8FDE1A8C6F39009E4F7E /* Debug */,
				4ECA8FDF1A8C6F39009E4F7E /* Release */,
			);
			defaultConfigurationIsVisible = 0;
			defaultConfigurationName = Release;
		};
		4ECA8FE01A8C6F39009E4F7E /* Build configuration list for PBXNativeTarget "JSONParser" */ = {
			isa = XCConfigurationList;
			buildConfigurations = (
				4ECA8FE11A8C6F39009E4F7E /* Debug */,
				4ECA8FE21A8C6F39009E4F7E /* Release */,
			);
			defaultConfigurationIsVisible = 0;
			defaultConfigurationName = Release;
		};
		4ECA8FE31A8C6F39009E4F7E /* Build configuration list for PBXNativeTarget "JSONParserTests" */ = {
			isa = XCConfigurationList;
			buildConfigurations = (
				4ECA8FE41A8C6F39009E4F7E /* Debug */,
				4ECA8FE51A8C6F39009E4F7E /* Release */,
			);
			defaultConfigurationIsVisible = 0;
			defaultConfigurationName = Release;
		};
/* End XCConfigurationList section */
	};
	rootObject = 4ECA8FB91A8C6F39009E4F7E /* Project object */;
}
